
Microsoft Visual Studio Solution File, Format Version 12.00
# Visual Studio 2012
Project("{FAE04EC0-301F-11D3-BF4B-00C04F79EFBC}") = "PhotonIl", "PhotonIl.csproj", "{1B012597-5A4E-435D-9C30-49F4F96126AE}"
EndProject
Project("{FAE04EC0-301F-11D3-BF4B-00C04F79EFBC}") = "IlTest", "IlTest\IlTest.csproj", "{E9D638D6-AAE6-479B-86CB-1C0A148F9516}"
EndProject
Project("{FAE04EC0-301F-11D3-BF4B-00C04F79EFBC}") = "SimpleCli", "SimpleCli\SimpleCli.csproj", "{8CEF9DA1-F10C-4076-9C58-1E8A8814A84A}"
EndProject
Project("{FAE04EC0-301F-11D3-BF4B-00C04F79EFBC}") = "CliTest", "CliTest\CliTest.csproj", "{18AC3073-FF30-4DBF-8724-8BB998E468EF}"
EndProject
Global
	GlobalSection(SolutionConfigurationPlatforms) = preSolution
		Run|Any CPU = Run|Any CPU
		Debug|Any CPU = Debug|Any CPU
		Release|Any CPU = Release|Any CPU
	EndGlobalSection
	GlobalSection(ProjectConfigurationPlatforms) = postSolution
		{18AC3073-FF30-4DBF-8724-8BB998E468EF}.Debug|Any CPU.ActiveCfg = Debug|Any CPU
		{18AC3073-FF30-4DBF-8724-8BB998E468EF}.Debug|Any CPU.Build.0 = Debug|Any CPU
		{18AC3073-FF30-4DBF-8724-8BB998E468EF}.Release|Any CPU.ActiveCfg = Release|Any CPU
		{18AC3073-FF30-4DBF-8724-8BB998E468EF}.Release|Any CPU.Build.0 = Release|Any CPU
		{18AC3073-FF30-4DBF-8724-8BB998E468EF}.Run|Any CPU.ActiveCfg = Release|Any CPU
		{18AC3073-FF30-4DBF-8724-8BB998E468EF}.Run|Any CPU.Build.0 = Release|Any CPU
		{1B012597-5A4E-435D-9C30-49F4F96126AE}.Debug|Any CPU.ActiveCfg = Run|Any CPU
		{1B012597-5A4E-435D-9C30-49F4F96126AE}.Debug|Any CPU.Build.0 = Run|Any CPU
		{1B012597-5A4E-435D-9C30-49F4F96126AE}.Release|Any CPU.ActiveCfg = Run|Any CPU
		{1B012597-5A4E-435D-9C30-49F4F96126AE}.Release|Any CPU.Build.0 = Run|Any CPU
		{1B012597-5A4E-435D-9C30-49F4F96126AE}.Run|Any CPU.ActiveCfg = Run|Any CPU
		{1B012597-5A4E-435D-9C30-49F4F96126AE}.Run|Any CPU.Build.0 = Run|Any CPU
		{8CEF9DA1-F10C-4076-9C58-1E8A8814A84A}.Debug|Any CPU.ActiveCfg = Run|Any CPU
		{8CEF9DA1-F10C-4076-9C58-1E8A8814A84A}.Debug|Any CPU.Build.0 = Run|Any CPU
		{8CEF9DA1-F10C-4076-9C58-1E8A8814A84A}.Release|Any CPU.ActiveCfg = Run|Any CPU
		{8CEF9DA1-F10C-4076-9C58-1E8A8814A84A}.Release|Any CPU.Build.0 = Run|Any CPU
		{8CEF9DA1-F10C-4076-9C58-1E8A8814A84A}.Run|Any CPU.ActiveCfg = Run|Any CPU
		{8CEF9DA1-F10C-4076-9C58-1E8A8814A84A}.Run|Any CPU.Build.0 = Run|Any CPU
		{E9D638D6-AAE6-479B-86CB-1C0A148F9516}.Debug|Any CPU.ActiveCfg = Debug|Any CPU
		{E9D638D6-AAE6-479B-86CB-1C0A148F9516}.Debug|Any CPU.Build.0 = Debug|Any CPU
		{E9D638D6-AAE6-479B-86CB-1C0A148F9516}.Release|Any CPU.ActiveCfg = Release|Any CPU
		{E9D638D6-AAE6-479B-86CB-1C0A148F9516}.Release|Any CPU.Build.0 = Release|Any CPU
		{E9D638D6-AAE6-479B-86CB-1C0A148F9516}.Run|Any CPU.ActiveCfg = Run|Any CPU
		{E9D638D6-AAE6-479B-86CB-1C0A148F9516}.Run|Any CPU.Build.0 = Run|Any CPU
	EndGlobalSection
EndGlobal
