
Microsoft Visual Studio Solution File, Format Version 12.00
# Visual Studio 2012
Project("{FAE04EC0-301F-11D3-BF4B-00C04F79EFBC}") = "PhotonIl", "PhotonIl.csproj", "{1B012597-5A4E-435D-9C30-49F4F96126AE}"
EndProject
Project("{FAE04EC0-301F-11D3-BF4B-00C04F79EFBC}") = "IlTest", "IlTest\IlTest.csproj", "{E9D638D6-AAE6-479B-86CB-1C0A148F9516}"
EndProject
Project("{FAE04EC0-301F-11D3-BF4B-00C04F79EFBC}") = "SimpleCli", "SimpleCli\SimpleCli.csproj", "{8CEF9DA1-F10C-4076-9C58-1E8A8814A84A}"
EndProject
Project("{FAE04EC0-301F-11D3-BF4B-00C04F79EFBC}") = "CliTest", "CliTest\CliTest.csproj", "{18AC3073-FF30-4DBF-8724-8BB998E468EF}"
EndProject
Project("{FAE04EC0-301F-11D3-BF4B-00C04F79EFBC}") = "PhotonIl2", "PhotonIl2\PhotonIl2.csproj", "{F3EE5467-EDD5-4FB4-8C7C-C9E0150AD887}"
EndProject
Global
	GlobalSection(SolutionConfigurationPlatforms) = preSolution
		Run|Any CPU = Run|Any CPU
	EndGlobalSection
	GlobalSection(ProjectConfigurationPlatforms) = postSolution
		{18AC3073-FF30-4DBF-8724-8BB998E468EF}.Run|Any CPU.ActiveCfg = Run|Any CPU
		{18AC3073-FF30-4DBF-8724-8BB998E468EF}.Run|Any CPU.Build.0 = Run|Any CPU
		{1B012597-5A4E-435D-9C30-49F4F96126AE}.Run|Any CPU.ActiveCfg = Run|Any CPU
		{1B012597-5A4E-435D-9C30-49F4F96126AE}.Run|Any CPU.Build.0 = Run|Any CPU
		{8CEF9DA1-F10C-4076-9C58-1E8A8814A84A}.Run|Any CPU.ActiveCfg = Run|Any CPU
		{8CEF9DA1-F10C-4076-9C58-1E8A8814A84A}.Run|Any CPU.Build.0 = Run|Any CPU
		{E9D638D6-AAE6-479B-86CB-1C0A148F9516}.Run|Any CPU.ActiveCfg = Run|Any CPU
		{E9D638D6-AAE6-479B-86CB-1C0A148F9516}.Run|Any CPU.Build.0 = Run|Any CPU
		{F3EE5467-EDD5-4FB4-8C7C-C9E0150AD887}.Run|Any CPU.ActiveCfg = Run|Any CPU
		{F3EE5467-EDD5-4FB4-8C7C-C9E0150AD887}.Run|Any CPU.Build.0 = Run|Any CPU
	EndGlobalSection
EndGlobal
